
# cargo-vet imports lock

[[publisher.aho-corasick]]
version = "1.1.4"
when = "2025-10-28"
user-id = 189
user-login = "BurntSushi"
user-name = "Andrew Gallant"

[[publisher.cexpr]]
version = "0.6.0"
when = "2021-10-11"
user-id = 3788
user-login = "emilio"
user-name = "Emilio Cobos Álvarez"

[[publisher.encoding_rs]]
version = "0.8.35"
when = "2024-10-24"
user-id = 4484
user-login = "hsivonen"
user-name = "Henri Sivonen"

[[publisher.itoa]]
version = "1.0.17"
when = "2025-12-27"
user-id = 3618
user-login = "dtolnay"
user-name = "David Tolnay"

[[publisher.memchr]]
version = "2.8.0"
when = "2026-02-06"
user-id = 189
user-login = "BurntSushi"
user-name = "Andrew Gallant"

[[publisher.once_cell]]
version = "1.21.4"
when = "2026-03-12"
user-id = 2699
user-login = "matklad"
user-name = "Alex Kladov"

[[publisher.proc-macro2]]
version = "1.0.106"
when = "2026-01-21"
user-id = 3618
user-login = "dtolnay"
user-name = "David Tolnay"

[[publisher.quote]]
version = "1.0.45"
when = "2026-03-03"
user-id = 3618
user-login = "dtolnay"
user-name = "David Tolnay"

[[publisher.regex]]
version = "1.12.3"
when = "2026-02-03"
user-id = 189
user-login = "BurntSushi"
user-name = "Andrew Gallant"

[[publisher.regex-automata]]
version = "0.4.14"
when = "2026-02-03"
user-id = 189
user-login = "BurntSushi"
user-name = "Andrew Gallant"

[[publisher.regex-syntax]]
version = "0.8.10"
when = "2026-02-24"
user-id = 189
user-login = "BurntSushi"
user-name = "Andrew Gallant"

[[publisher.serde]]
version = "1.0.228"
when = "2025-09-27"
user-id = 3618
user-login = "dtolnay"
user-name = "David Tolnay"

[[publisher.serde_derive]]
version = "1.0.228"
when = "2025-09-27"
user-id = 3618
user-login = "dtolnay"
user-name = "David Tolnay"

[[publisher.serde_json]]
version = "1.0.149"
when = "2026-01-06"
user-id = 3618
user-login = "dtolnay"
user-name = "David Tolnay"

[[publisher.signal-hook-registry]]
version = "1.4.8"
when = "2025-12-25"
user-id = 5906
user-login = "vorner"
user-name = "Michal 'vorner' Vaner"

[[publisher.syn]]
version = "2.0.117"
when = "2026-02-20"
user-id = 3618
user-login = "dtolnay"
user-name = "David Tolnay"

[[publisher.tempfile]]
version = "3.27.0"
when = "2026-03-11"
user-id = 280
user-login = "Stebalien"
user-name = "Steven Allen"

[[publisher.thread_local]]
version = "1.1.9"
when = "2025-06-12"
user-id = 2915
user-login = "Amanieu"
user-name = "Amanieu d'Antras"

[[publisher.tracing-log]]
version = "0.2.0"
when = "2023-10-25"
user-id = 1249
user-login = "hawkw"
user-name = "Eliza Weisman"

[[publisher.unicode-ident]]
version = "1.0.24"
when = "2026-02-16"
user-id = 3618
user-login = "dtolnay"
user-name = "David Tolnay"

[[publisher.unicode-segmentation]]
version = "1.12.0"
when = "2024-09-13"
user-id = 1139
user-login = "Manishearth"
user-name = "Manish Goregaokar"

[[publisher.unicode-width]]
version = "0.2.2"
when = "2025-10-06"
user-id = 1139
user-login = "Manishearth"
user-name = "Manish Goregaokar"

[[publisher.unicode-xid]]
version = "0.2.6"
when = "2024-09-19"
user-id = 1139
user-login = "Manishearth"
user-name = "Manish Goregaokar"

[[publisher.utf8_iter]]
version = "1.0.4"
when = "2023-12-01"
user-id = 4484
user-login = "hsivonen"
user-name = "Henri Sivonen"

[[audits.mozilla.wildcard-audits.cexpr]]
who = "Emilio Cobos Álvarez <emilio@crisal.io>"
criteria = "safe-to-deploy"
user-id = 3788 # Emilio Cobos Álvarez (emilio)
start = "2021-06-21"
end = "2024-04-21"
notes = "No unsafe code, rather straight-forward parser."

[[audits.mozilla.wildcard-audits.encoding_rs]]
who = "Henri Sivonen <hsivonen@hsivonen.fi>"
criteria = "safe-to-deploy"
user-id = 4484 # Henri Sivonen (hsivonen)
start = "2019-02-26"
end = "2025-10-23"
notes = "I, Henri Sivonen, wrote encoding_rs for Gecko and have reviewed contributions by others. There are two caveats to the certification: 1) The crate does things that are documented to be UB but that do not appear to actually be UB due to integer types differing from the general rule; https://github.com/hsivonen/encoding_rs/issues/79 . 2) It would be prudent to re-review the code that reinterprets buffers of integers as SIMD vectors; see https://github.com/hsivonen/encoding_rs/issues/87 ."

[[audits.mozilla.wildcard-audits.unicode-segmentation]]
who = "Manish Goregaokar <manishsmail@gmail.com>"
criteria = "safe-to-deploy"
user-id = 1139 # Manish Goregaokar (Manishearth)
start = "2019-05-15"
end = "2026-02-01"
notes = "All code written or reviewed by Manish"

[[audits.mozilla.wildcard-audits.unicode-width]]
who = "Manish Goregaokar <manishsmail@gmail.com>"
criteria = "safe-to-deploy"
user-id = 1139 # Manish Goregaokar (Manishearth)
start = "2019-12-05"
end = "2026-02-01"
notes = "All code written or reviewed by Manish"

[[audits.mozilla.wildcard-audits.unicode-xid]]
who = "Manish Goregaokar <manishsmail@gmail.com>"
criteria = "safe-to-deploy"
user-id = 1139 # Manish Goregaokar (Manishearth)
start = "2019-07-25"
end = "2026-02-01"
notes = "All code written or reviewed by Manish"

[[audits.mozilla.wildcard-audits.utf8_iter]]
who = "Makoto Kato <m_kato@ga2.so-net.ne.jp>"
criteria = "safe-to-deploy"
user-id = 4484 # Henri Sivonen (hsivonen)
start = "2022-04-19"
end = "2024-06-16"
notes = "Maintained by Henri Sivonen who works at Mozilla."

[[audits.mozilla.audits.android_system_properties]]
who = "Nicolas Silva <nical@fastmail.com>"
criteria = "safe-to-deploy"
version = "0.1.2"
notes = "I wrote this crate, reviewed by jimb. It is mostly a Rust port of some C++ code we already ship."

[[audits.mozilla.audits.android_system_properties]]
who = "Mike Hommey <mh+mozilla@glandium.org>"
criteria = "safe-to-deploy"
delta = "0.1.2 -> 0.1.4"

[[audits.mozilla.audits.android_system_properties]]
who = "Mike Hommey <mh+mozilla@glandium.org>"
criteria = "safe-to-deploy"
delta = "0.1.4 -> 0.1.5"

[[audits.mozilla.audits.as-slice]]
who = "Erich Gubler <erichdongubler@gmail.com>"
criteria = "safe-to-deploy"
version = "0.2.1"

[[audits.mozilla.audits.bindgen]]
who = "Emilio Cobos Álvarez <emilio@crisal.io>"
criteria = "safe-to-deploy"
version = "0.59.2"
notes = "I'm the primary author and maintainer of the crate."

[[audits.mozilla.audits.bindgen]]
who = "Emilio Cobos Álvarez <emilio@crisal.io>"
criteria = "safe-to-deploy"
delta = "0.59.2 -> 0.63.0"

[[audits.mozilla.audits.bindgen]]
who = "Mike Hommey <mh+mozilla@glandium.org>"
criteria = "safe-to-deploy"
delta = "0.63.0 -> 0.64.0"

[[audits.mozilla.audits.bindgen]]
who = "Mike Hommey <mh+mozilla@glandium.org>"
criteria = "safe-to-deploy"
delta = "0.64.0 -> 0.66.1"

[[audits.mozilla.audits.bindgen]]
who = "Mike Hommey <mh+mozilla@glandium.org>"
criteria = "safe-to-deploy"
delta = "0.66.1 -> 0.68.1"

[[audits.mozilla.audits.form_urlencoded]]
who = "Valentin Gosu <valentin.gosu@gmail.com>"
criteria = "safe-to-deploy"
version = "1.2.0"

[[audits.mozilla.audits.form_urlencoded]]
who = "Valentin Gosu <valentin.gosu@gmail.com>"
criteria = "safe-to-deploy"
delta = "1.2.0 -> 1.2.1"

[[audits.mozilla.audits.form_urlencoded]]
who = "edgul <ed.guloien@gmail.com>"
criteria = "safe-to-deploy"
delta = "1.2.1 -> 1.2.2"

[[audits.mozilla.audits.idna_adapter]]
who = "Valentin Gosu <valentin.gosu@gmail.com>"
criteria = "safe-to-deploy"
version = "1.2.0"

[[audits.mozilla.audits.idna_adapter]]
who = "Makoto Kato <m_kato@ga2.so-net.ne.jp>"
criteria = "safe-to-deploy"
delta = "1.2.0 -> 1.2.1"

[[audits.mozilla.audits.num-derive]]
who = "Josh Stone <jistone@redhat.com>"
criteria = "safe-to-deploy"
version = "0.3.3"
notes = "All code written or reviewed by Josh Stone."

[[audits.mozilla.audits.num-derive]]
who = "Mike Hommey <mh+mozilla@glandium.org>"
criteria = "safe-to-deploy"
delta = "0.3.3 -> 0.4.0"

[[audits.mozilla.audits.num-derive]]
who = "Mike Hommey <mh+mozilla@glandium.org>"
criteria = "safe-to-deploy"
delta = "0.4.0 -> 0.4.2"

[[audits.mozilla.audits.rustc-hash]]
who = "Bobby Holley <bobbyholley@gmail.com>"
criteria = "safe-to-deploy"
version = "1.1.0"
notes = "Straightforward crate with no unsafe code, does what it says on the tin."

[[audits.mozilla.audits.rustc-hash]]
who = "Ben Dean-Kawamura <bdk@mozilla.com>"
criteria = "safe-to-deploy"
delta = "1.1.0 -> 2.1.1"
notes = "Simple hashing crate, no unsafe code."
